
Microsoft Visual Studio Solution File, Format Version 12.00
# Visual Studio Version 16
VisualStudioVersion = 16.0.31105.61
MinimumVisualStudioVersion = 10.0.40219.1
Project("{8BC9CEB8-8B4A-11D0-8D11-00A0C91BC942}") = "Chapter1", "Chapter1\Chapter1.vcxproj", "{EAF02554-66F9-49D1-BA57-4179808D447A}"
EndProject
Project("{8BC9CEB8-8B4A-11D0-8D11-00A0C91BC942}") = "Chapter2", "Chapter2\Chapter2.vcxproj", "{8556F602-F441-4749-A34A-6CD5E49FD735}"
EndProject
Project("{8BC9CEB8-8B4A-11D0-8D11-00A0C91BC942}") = "Chapter3", "Chapter3\Chapter3.vcxproj", "{F327C47A-8CB9-4509-9206-89F387F96D2A}"
EndProject
Project("{8BC9CEB8-8B4A-11D0-8D11-00A0C91BC942}") = "Chapter4", "Chapter4\Chapter4.vcxproj", "{34B99AC5-0576-446B-9F5E-BBF521CCBCAD}"
EndProject
Project("{8BC9CEB8-8B4A-11D0-8D11-00A0C91BC942}") = "Chapter5", "Chapter5\Chapter5.vcxproj", "{E296AC20-8EF7-404D-A77A-D757F35D4E11}"
EndProject
Project("{8BC9CEB8-8B4A-11D0-8D11-00A0C91BC942}") = "Chapter6", "Chapter6\Chapter6.vcxproj", "{BE60F674-6AAF-40FB-8E43-D3219AC5B3CC}"
EndProject
Project("{8BC9CEB8-8B4A-11D0-8D11-00A0C91BC942}") = "Chapter7", "Chapter7\Chapter7.vcxproj", "{BC638350-614F-4EB3-B015-741B9C833CFB}"
EndProject
Global
	GlobalSection(SolutionConfigurationPlatforms) = preSolution
		Debug|x64 = Debug|x64
		Debug|x86 = Debug|x86
		Release|x64 = Release|x64
		Release|x86 = Release|x86
	EndGlobalSection
	GlobalSection(ProjectConfigurationPlatforms) = postSolution
		{EAF02554-66F9-49D1-BA57-4179808D447A}.Debug|x64.ActiveCfg = Debug|x64
		{EAF02554-66F9-49D1-BA57-4179808D447A}.Debug|x64.Build.0 = Debug|x64
		{EAF02554-66F9-49D1-BA57-4179808D447A}.Debug|x86.ActiveCfg = Debug|Win32
		{EAF02554-66F9-49D1-BA57-4179808D447A}.Debug|x86.Build.0 = Debug|Win32
		{EAF02554-66F9-49D1-BA57-4179808D447A}.Release|x64.ActiveCfg = Release|x64
		{EAF02554-66F9-49D1-BA57-4179808D447A}.Release|x64.Build.0 = Release|x64
		{EAF02554-66F9-49D1-BA57-4179808D447A}.Release|x86.ActiveCfg = Release|Win32
		{EAF02554-66F9-49D1-BA57-4179808D447A}.Release|x86.Build.0 = Release|Win32
		{8556F602-F441-4749-A34A-6CD5E49FD735}.Debug|x64.ActiveCfg = Debug|x64
		{8556F602-F441-4749-A34A-6CD5E49FD735}.Debug|x64.Build.0 = Debug|x64
		{8556F602-F441-4749-A34A-6CD5E49FD735}.Debug|x86.ActiveCfg = Debug|Win32
		{8556F602-F441-4749-A34A-6CD5E49FD735}.Debug|x86.Build.0 = Debug|Win32
		{8556F602-F441-4749-A34A-6CD5E49FD735}.Release|x64.ActiveCfg = Release|x64
		{8556F602-F441-4749-A34A-6CD5E49FD735}.Release|x64.Build.0 = Release|x64
		{8556F602-F441-4749-A34A-6CD5E49FD735}.Release|x86.ActiveCfg = Release|Win32
		{8556F602-F441-4749-A34A-6CD5E49FD735}.Release|x86.Build.0 = Release|Win32
		{F327C47A-8CB9-4509-9206-89F387F96D2A}.Debug|x64.ActiveCfg = Debug|x64
		{F327C47A-8CB9-4509-9206-89F387F96D2A}.Debug|x64.Build.0 = Debug|x64
		{F327C47A-8CB9-4509-9206-89F387F96D2A}.Debug|x86.ActiveCfg = Debug|Win32
		{F327C47A-8CB9-4509-9206-89F387F96D2A}.Debug|x86.Build.0 = Debug|Win32
		{F327C47A-8CB9-4509-9206-89F387F96D2A}.Release|x64.ActiveCfg = Release|x64
		{F327C47A-8CB9-4509-9206-89F387F96D2A}.Release|x64.Build.0 = Release|x64
		{F327C47A-8CB9-4509-9206-89F387F96D2A}.Release|x86.ActiveCfg = Release|Win32
		{F327C47A-8CB9-4509-9206-89F387F96D2A}.Release|x86.Build.0 = Release|Win32
		{34B99AC5-0576-446B-9F5E-BBF521CCBCAD}.Debug|x64.ActiveCfg = Debug|x64
		{34B99AC5-0576-446B-9F5E-BBF521CCBCAD}.Debug|x64.Build.0 = Debug|x64
		{34B99AC5-0576-446B-9F5E-BBF521CCBCAD}.Debug|x86.ActiveCfg = Debug|Win32
		{34B99AC5-0576-446B-9F5E-BBF521CCBCAD}.Debug|x86.Build.0 = Debug|Win32
		{34B99AC5-0576-446B-9F5E-BBF521CCBCAD}.Release|x64.ActiveCfg = Release|x64
		{34B99AC5-0576-446B-9F5E-BBF521CCBCAD}.Release|x64.Build.0 = Release|x64
		{34B99AC5-0576-446B-9F5E-BBF521CCBCAD}.Release|x86.ActiveCfg = Release|Win32
		{34B99AC5-0576-446B-9F5E-BBF521CCBCAD}.Release|x86.Build.0 = Release|Win32
		{E296AC20-8EF7-404D-A77A-D757F35D4E11}.Debug|x64.ActiveCfg = Debug|x64
		{E296AC20-8EF7-404D-A77A-D757F35D4E11}.Debug|x64.Build.0 = Debug|x64
		{E296AC20-8EF7-404D-A77A-D757F35D4E11}.Debug|x86.ActiveCfg = Debug|Win32
		{E296AC20-8EF7-404D-A77A-D757F35D4E11}.Debug|x86.Build.0 = Debug|Win32
		{E296AC20-8EF7-404D-A77A-D757F35D4E11}.Release|x64.ActiveCfg = Release|x64
		{E296AC20-8EF7-404D-A77A-D757F35D4E11}.Release|x64.Build.0 = Release|x64
		{E296AC20-8EF7-404D-A77A-D757F35D4E11}.Release|x86.ActiveCfg = Release|Win32
		{E296AC20-8EF7-404D-A77A-D757F35D4E11}.Release|x86.Build.0 = Release|Win32
		{BE60F674-6AAF-40FB-8E43-D3219AC5B3CC}.Debug|x64.ActiveCfg = Debug|x64
		{BE60F674-6AAF-40FB-8E43-D3219AC5B3CC}.Debug|x64.Build.0 = Debug|x64
		{BE60F674-6AAF-40FB-8E43-D3219AC5B3CC}.Debug|x86.ActiveCfg = Debug|Win32
		{BE60F674-6AAF-40FB-8E43-D3219AC5B3CC}.Debug|x86.Build.0 = Debug|Win32
		{BE60F674-6AAF-40FB-8E43-D3219AC5B3CC}.Release|x64.ActiveCfg = Release|x64
		{BE60F674-6AAF-40FB-8E43-D3219AC5B3CC}.Release|x64.Build.0 = Release|x64
		{BE60F674-6AAF-40FB-8E43-D3219AC5B3CC}.Release|x86.ActiveCfg = Release|Win32
		{BE60F674-6AAF-40FB-8E43-D3219AC5B3CC}.Release|x86.Build.0 = Release|Win32
		{BC638350-614F-4EB3-B015-741B9C833CFB}.Debug|x64.ActiveCfg = Debug|x64
		{BC638350-614F-4EB3-B015-741B9C833CFB}.Debug|x64.Build.0 = Debug|x64
		{BC638350-614F-4EB3-B015-741B9C833CFB}.Debug|x86.ActiveCfg = Debug|Win32
		{BC638350-614F-4EB3-B015-741B9C833CFB}.Debug|x86.Build.0 = Debug|Win32
		{BC638350-614F-4EB3-B015-741B9C833CFB}.Release|x64.ActiveCfg = Release|x64
		{BC638350-614F-4EB3-B015-741B9C833CFB}.Release|x64.Build.0 = Release|x64
		{BC638350-614F-4EB3-B015-741B9C833CFB}.Release|x86.ActiveCfg = Release|Win32
		{BC638350-614F-4EB3-B015-741B9C833CFB}.Release|x86.Build.0 = Release|Win32
	EndGlobalSection
	GlobalSection(SolutionProperties) = preSolution
		HideSolutionNode = FALSE
	EndGlobalSection
	GlobalSection(ExtensibilityGlobals) = postSolution
		SolutionGuid = {5600B050-81A7-4513-A1E5-B47BCEDF73F1}
	EndGlobalSection
EndGlobal
